
Microsoft Visual Studio Solution File, Format Version 12.00
# Visual Studio Version 16
VisualStudioVersion = 16.0.29519.181
MinimumVisualStudioVersion = 10.0.40219.1
Project("{FAE04EC0-301F-11D3-BF4B-00C04F79EFBC}") = "AppsPortal", "AppsPortal\AppsPortal.csproj", "{9A554E03-6532-4672-8A53-F1ED21017BBE}"
	ProjectSection(ProjectDependencies) = postProject
		{3B871216-758F-4FAD-80A2-A46F484ED60B} = {3B871216-758F-4FAD-80A2-A46F484ED60B}
		{17AE3C21-34FF-4D05-BA40-B92ECD13DCB6} = {17AE3C21-34FF-4D05-BA40-B92ECD13DCB6}
		{A8155829-79C5-4DED-871E-59A95E32C43C} = {A8155829-79C5-4DED-871E-59A95E32C43C}
		{AE46DB33-A1EF-482B-B729-45F3F202BAD9} = {AE46DB33-A1EF-482B-B729-45F3F202BAD9}
		{740E7437-10BE-4B27-B70B-59FAC17A8F1B} = {740E7437-10BE-4B27-B70B-59FAC17A8F1B}
		{5BA69E3D-FC44-49B6-AB40-8C770D58389F} = {5BA69E3D-FC44-49B6-AB40-8C770D58389F}
		{FE7B5E40-52FA-43B1-9001-749DF54D7BED} = {FE7B5E40-52FA-43B1-9001-749DF54D7BED}
		{58214F44-0280-4F23-8F21-470B3E6F3D74} = {58214F44-0280-4F23-8F21-470B3E6F3D74}
		{E2F5774A-2AAC-4B92-B7BE-C20B5BE30775} = {E2F5774A-2AAC-4B92-B7BE-C20B5BE30775}
		{0FC85F52-8106-409C-B0EE-1347D435909C} = {0FC85F52-8106-409C-B0EE-1347D435909C}
		{79DC765C-E470-4128-8B36-1318EF1A1C3D} = {79DC765C-E470-4128-8B36-1318EF1A1C3D}
		{3A86BF6D-6EF3-405C-A1D6-53EF04165291} = {3A86BF6D-6EF3-405C-A1D6-53EF04165291}
		{D9169171-EC40-49FC-81F4-5D6591B5C7FA} = {D9169171-EC40-49FC-81F4-5D6591B5C7FA}
		{C5379B76-CF09-4091-AD32-378FEAA8CA0C} = {C5379B76-CF09-4091-AD32-378FEAA8CA0C}
		{1BC38177-4B12-460F-BF33-0C50AC0905CC} = {1BC38177-4B12-460F-BF33-0C50AC0905CC}
		{5FC4CE78-FD01-49A7-9E13-D5E8C01D1FC6} = {5FC4CE78-FD01-49A7-9E13-D5E8C01D1FC6}
		{93CFED78-47E6-493F-8EE1-5ECC0A688F19} = {93CFED78-47E6-493F-8EE1-5ECC0A688F19}
		{3B0A788A-8B48-4304-8650-18FFB6B35406} = {3B0A788A-8B48-4304-8650-18FFB6B35406}
		{A12AA199-2E39-4FAC-AFE3-83A718AA5D40} = {A12AA199-2E39-4FAC-AFE3-83A718AA5D40}
		{D849D299-B5A5-44E1-977A-5909594B5656} = {D849D299-B5A5-44E1-977A-5909594B5656}
		{76755DA9-4529-4C81-A3F3-9A6FAF4EF5A5} = {76755DA9-4529-4C81-A3F3-9A6FAF4EF5A5}
		{1A5D1AB2-14D0-4BE8-9FBD-1FEECFBD95FA} = {1A5D1AB2-14D0-4BE8-9FBD-1FEECFBD95FA}
		{05EC9FB4-BAB2-46A2-A2C0-E9F872601C54} = {05EC9FB4-BAB2-46A2-A2C0-E9F872601C54}
		{9DE3ACC3-4DF7-484B-A7C7-7D9B5EC3EFA7} = {9DE3ACC3-4DF7-484B-A7C7-7D9B5EC3EFA7}
		{17E0F2C9-D431-4CB9-AC1F-BC34D9970903} = {17E0F2C9-D431-4CB9-AC1F-BC34D9970903}
		{CAB8AEFB-457E-41D4-923B-65A0C9D20AF1} = {CAB8AEFB-457E-41D4-923B-65A0C9D20AF1}
	EndProjectSection
EndProject
Project("{2150E333-8FDC-42A3-9474-1A3956D46DE8}") = "Shortcuts", "Shortcuts", "{559690E7-F627-4FDF-91DE-ADE2E79489D3}"
	ProjectSection(SolutionItems) = preProject
		AppsPortal\Assets\JScript\JScript.js = AppsPortal\Assets\JScript\JScript.js
		AppsPortal\Assets\Style\Site.css = AppsPortal\Assets\Style\Site.css
	EndProjectSection
EndProject
Project("{FAE04EC0-301F-11D3-BF4B-00C04F79EFBC}") = "OVS_DAL", "OVS_DAL\OVS_DAL.csproj", "{5BA69E3D-FC44-49B6-AB40-8C770D58389F}"
	ProjectSection(ProjectDependencies) = postProject
		{1BC38177-4B12-460F-BF33-0C50AC0905CC} = {1BC38177-4B12-460F-BF33-0C50AC0905CC}
		{A12AA199-2E39-4FAC-AFE3-83A718AA5D40} = {A12AA199-2E39-4FAC-AFE3-83A718AA5D40}
	EndProjectSection
EndProject
Project("{FAE04EC0-301F-11D3-BF4B-00C04F79EFBC}") = "RES_Repo", "RES_Repo\RES_Repo.csproj", "{A12AA199-2E39-4FAC-AFE3-83A718AA5D40}"
EndProject
Project("{FAE04EC0-301F-11D3-BF4B-00C04F79EFBC}") = "Portal_BL", "Portal_BL\Portal_BL.csproj", "{1BC38177-4B12-460F-BF33-0C50AC0905CC}"
	ProjectSection(ProjectDependencies) = postProject
		{A12AA199-2E39-4FAC-AFE3-83A718AA5D40} = {A12AA199-2E39-4FAC-AFE3-83A718AA5D40}
	EndProjectSection
EndProject
Project("{FAE04EC0-301F-11D3-BF4B-00C04F79EFBC}") = "TBS_DAL", "TBS_DAL\TBS_DAL.csproj", "{9DE3ACC3-4DF7-484B-A7C7-7D9B5EC3EFA7}"
	ProjectSection(ProjectDependencies) = postProject
		{1BC38177-4B12-460F-BF33-0C50AC0905CC} = {1BC38177-4B12-460F-BF33-0C50AC0905CC}
		{A12AA199-2E39-4FAC-AFE3-83A718AA5D40} = {A12AA199-2E39-4FAC-AFE3-83A718AA5D40}
	EndProjectSection
EndProject
Project("{FAE04EC0-301F-11D3-BF4B-00C04F79EFBC}") = "RMS_DAL", "RMS_DAL\RMS_DAL.csproj", "{79DC765C-E470-4128-8B36-1318EF1A1C3D}"
	ProjectSection(ProjectDependencies) = postProject
		{1BC38177-4B12-460F-BF33-0C50AC0905CC} = {1BC38177-4B12-460F-BF33-0C50AC0905CC}
		{A12AA199-2E39-4FAC-AFE3-83A718AA5D40} = {A12AA199-2E39-4FAC-AFE3-83A718AA5D40}
	EndProjectSection
EndProject
Project("{FAE04EC0-301F-11D3-BF4B-00C04F79EFBC}") = "AMS_DAL", "AMS_DAL\AMS_DAL.csproj", "{CAB8AEFB-457E-41D4-923B-65A0C9D20AF1}"
	ProjectSection(ProjectDependencies) = postProject
		{1BC38177-4B12-460F-BF33-0C50AC0905CC} = {1BC38177-4B12-460F-BF33-0C50AC0905CC}
		{A12AA199-2E39-4FAC-AFE3-83A718AA5D40} = {A12AA199-2E39-4FAC-AFE3-83A718AA5D40}
	EndProjectSection
EndProject
Project("{FAE04EC0-301F-11D3-BF4B-00C04F79EFBC}") = "REF_DAL", "REF_DAL\REF_DAL.csproj", "{58214F44-0280-4F23-8F21-470B3E6F3D74}"
	ProjectSection(ProjectDependencies) = postProject
		{1BC38177-4B12-460F-BF33-0C50AC0905CC} = {1BC38177-4B12-460F-BF33-0C50AC0905CC}
		{A12AA199-2E39-4FAC-AFE3-83A718AA5D40} = {A12AA199-2E39-4FAC-AFE3-83A718AA5D40}
	EndProjectSection
EndProject
Project("{FAE04EC0-301F-11D3-BF4B-00C04F79EFBC}") = "PPA_DAL", "PPA_DAL\PPA_DAL.csproj", "{17AE3C21-34FF-4D05-BA40-B92ECD13DCB6}"
	ProjectSection(ProjectDependencies) = postProject
		{1BC38177-4B12-460F-BF33-0C50AC0905CC} = {1BC38177-4B12-460F-BF33-0C50AC0905CC}
		{A12AA199-2E39-4FAC-AFE3-83A718AA5D40} = {A12AA199-2E39-4FAC-AFE3-83A718AA5D40}
	EndProjectSection
EndProject
Project("{FAE04EC0-301F-11D3-BF4B-00C04F79EFBC}") = "PCR_DAL", "PCR_DAL\PCR_DAL.csproj", "{17E0F2C9-D431-4CB9-AC1F-BC34D9970903}"
EndProject
Project("{FAE04EC0-301F-11D3-BF4B-00C04F79EFBC}") = "SRS_DAL", "SRS_DAL\SRS_DAL.csproj", "{5FC4CE78-FD01-49A7-9E13-D5E8C01D1FC6}"
	ProjectSection(ProjectDependencies) = postProject
		{1BC38177-4B12-460F-BF33-0C50AC0905CC} = {1BC38177-4B12-460F-BF33-0C50AC0905CC}
		{A12AA199-2E39-4FAC-AFE3-83A718AA5D40} = {A12AA199-2E39-4FAC-AFE3-83A718AA5D40}
	EndProjectSection
EndProject
Project("{FAE04EC0-301F-11D3-BF4B-00C04F79EFBC}") = "WMS_DAL", "WMS_DAL\WMS_DAL.csproj", "{3B0A788A-8B48-4304-8650-18FFB6B35406}"
	ProjectSection(ProjectDependencies) = postProject
		{1BC38177-4B12-460F-BF33-0C50AC0905CC} = {1BC38177-4B12-460F-BF33-0C50AC0905CC}
		{A12AA199-2E39-4FAC-AFE3-83A718AA5D40} = {A12AA199-2E39-4FAC-AFE3-83A718AA5D40}
	EndProjectSection
EndProject
Project("{FAE04EC0-301F-11D3-BF4B-00C04F79EFBC}") = "SHM_DAL", "SHM_DAL\SHM_DAL.csproj", "{76755DA9-4529-4C81-A3F3-9A6FAF4EF5A5}"
	ProjectSection(ProjectDependencies) = postProject
		{1BC38177-4B12-460F-BF33-0C50AC0905CC} = {1BC38177-4B12-460F-BF33-0C50AC0905CC}
		{A12AA199-2E39-4FAC-AFE3-83A718AA5D40} = {A12AA199-2E39-4FAC-AFE3-83A718AA5D40}
	EndProjectSection
EndProject
Project("{FAE04EC0-301F-11D3-BF4B-00C04F79EFBC}") = "IMS_DAL", "IMS_DAL\IMS_DAL.csproj", "{A8155829-79C5-4DED-871E-59A95E32C43C}"
EndProject
Project("{FAE04EC0-301F-11D3-BF4B-00C04F79EFBC}") = "MRS_DAL", "MRS_DAL\MRS_DAL.csproj", "{3B871216-758F-4FAD-80A2-A46F484ED60B}"
	ProjectSection(ProjectDependencies) = postProject
		{1BC38177-4B12-460F-BF33-0C50AC0905CC} = {1BC38177-4B12-460F-BF33-0C50AC0905CC}
	EndProjectSection
EndProject
Project("{FAE04EC0-301F-11D3-BF4B-00C04F79EFBC}") = "ORG_DAL", "ORG_DAL\ORG_DAL.csproj", "{C5379B76-CF09-4091-AD32-378FEAA8CA0C}"
	ProjectSection(ProjectDependencies) = postProject
		{A12AA199-2E39-4FAC-AFE3-83A718AA5D40} = {A12AA199-2E39-4FAC-AFE3-83A718AA5D40}
	EndProjectSection
EndProject
Project("{FAE04EC0-301F-11D3-BF4B-00C04F79EFBC}") = "AHD_DAL", "AHD_DAL\AHD_DAL.csproj", "{1A5D1AB2-14D0-4BE8-9FBD-1FEECFBD95FA}"
	ProjectSection(ProjectDependencies) = postProject
		{1BC38177-4B12-460F-BF33-0C50AC0905CC} = {1BC38177-4B12-460F-BF33-0C50AC0905CC}
		{A12AA199-2E39-4FAC-AFE3-83A718AA5D40} = {A12AA199-2E39-4FAC-AFE3-83A718AA5D40}
	EndProjectSection
EndProject
Project("{FAE04EC0-301F-11D3-BF4B-00C04F79EFBC}") = "EMT_DAL", "EMT_DAL\EMT_DAL.csproj", "{740E7437-10BE-4B27-B70B-59FAC17A8F1B}"
EndProject
Project("{FAE04EC0-301F-11D3-BF4B-00C04F79EFBC}") = "DAS_DAL", "DAS_DAL\DAS_DAL.csproj", "{AE46DB33-A1EF-482B-B729-45F3F202BAD9}"
EndProject
Project("{FAE04EC0-301F-11D3-BF4B-00C04F79EFBC}") = "ISS_DAL", "ISS_DAL\ISS_DAL.csproj", "{0FC85F52-8106-409C-B0EE-1347D435909C}"
	ProjectSection(ProjectDependencies) = postProject
		{1BC38177-4B12-460F-BF33-0C50AC0905CC} = {1BC38177-4B12-460F-BF33-0C50AC0905CC}
		{A12AA199-2E39-4FAC-AFE3-83A718AA5D40} = {A12AA199-2E39-4FAC-AFE3-83A718AA5D40}
	EndProjectSection
EndProject
Project("{FAE04EC0-301F-11D3-BF4B-00C04F79EFBC}") = "TTT_DAL", "TTT_DAL\TTT_DAL.csproj", "{3A86BF6D-6EF3-405C-A1D6-53EF04165291}"
	ProjectSection(ProjectDependencies) = postProject
		{1BC38177-4B12-460F-BF33-0C50AC0905CC} = {1BC38177-4B12-460F-BF33-0C50AC0905CC}
		{A12AA199-2E39-4FAC-AFE3-83A718AA5D40} = {A12AA199-2E39-4FAC-AFE3-83A718AA5D40}
	EndProjectSection
EndProject
Project("{FAE04EC0-301F-11D3-BF4B-00C04F79EFBC}") = "IDC_DAL", "IDC_DAL\IDC_DAL.csproj", "{05EC9FB4-BAB2-46A2-A2C0-E9F872601C54}"
EndProject
Project("{FAE04EC0-301F-11D3-BF4B-00C04F79EFBC}") = "FWS_DAL", "FWS_DAL\FWS_DAL.csproj", "{E2F5774A-2AAC-4B92-B7BE-C20B5BE30775}"
	ProjectSection(ProjectDependencies) = postProject
		{1BC38177-4B12-460F-BF33-0C50AC0905CC} = {1BC38177-4B12-460F-BF33-0C50AC0905CC}
		{A12AA199-2E39-4FAC-AFE3-83A718AA5D40} = {A12AA199-2E39-4FAC-AFE3-83A718AA5D40}
	EndProjectSection
EndProject
Project("{FAE04EC0-301F-11D3-BF4B-00C04F79EFBC}") = "COV_DAL", "COV_DAL\COV_DAL.csproj", "{5E27E97E-73BC-4E0B-A989-59384543EE8F}"
	ProjectSection(ProjectDependencies) = postProject
		{1BC38177-4B12-460F-BF33-0C50AC0905CC} = {1BC38177-4B12-460F-BF33-0C50AC0905CC}
		{A12AA199-2E39-4FAC-AFE3-83A718AA5D40} = {A12AA199-2E39-4FAC-AFE3-83A718AA5D40}
	EndProjectSection
EndProject
Project("{FAE04EC0-301F-11D3-BF4B-00C04F79EFBC}") = "OSA_DAL", "OSA_DAL\OSA_DAL.csproj", "{93CFED78-47E6-493F-8EE1-5ECC0A688F19}"
	ProjectSection(ProjectDependencies) = postProject
		{1BC38177-4B12-460F-BF33-0C50AC0905CC} = {1BC38177-4B12-460F-BF33-0C50AC0905CC}
		{A12AA199-2E39-4FAC-AFE3-83A718AA5D40} = {A12AA199-2E39-4FAC-AFE3-83A718AA5D40}
	EndProjectSection
EndProject
Project("{FAE04EC0-301F-11D3-BF4B-00C04F79EFBC}") = "GTP_DAL", "GTP_DAL\GTP_DAL.csproj", "{D9169171-EC40-49FC-81F4-5D6591B5C7FA}"
	ProjectSection(ProjectDependencies) = postProject
		{1BC38177-4B12-460F-BF33-0C50AC0905CC} = {1BC38177-4B12-460F-BF33-0C50AC0905CC}
		{A12AA199-2E39-4FAC-AFE3-83A718AA5D40} = {A12AA199-2E39-4FAC-AFE3-83A718AA5D40}
	EndProjectSection
EndProject
Project("{FAE04EC0-301F-11D3-BF4B-00C04F79EFBC}") = "PCA_DAL", "PCA_DAL\PCA_DAL.csproj", "{FE7B5E40-52FA-43B1-9001-749DF54D7BED}"
EndProject
Project("{FAE04EC0-301F-11D3-BF4B-00C04F79EFBC}") = "PMD_DAL", "PMD_DAL\PMD_DAL.csproj", "{D849D299-B5A5-44E1-977A-5909594B5656}"
EndProject
Global
	GlobalSection(SolutionConfigurationPlatforms) = preSolution
		Debug|Any CPU = Debug|Any CPU
		Release|Any CPU = Release|Any CPU
	EndGlobalSection
	GlobalSection(ProjectConfigurationPlatforms) = postSolution
		{9A554E03-6532-4672-8A53-F1ED21017BBE}.Debug|Any CPU.ActiveCfg = Debug|Any CPU
		{9A554E03-6532-4672-8A53-F1ED21017BBE}.Debug|Any CPU.Build.0 = Debug|Any CPU
		{9A554E03-6532-4672-8A53-F1ED21017BBE}.Release|Any CPU.ActiveCfg = Release|Any CPU
		{9A554E03-6532-4672-8A53-F1ED21017BBE}.Release|Any CPU.Build.0 = Release|Any CPU
		{5BA69E3D-FC44-49B6-AB40-8C770D58389F}.Debug|Any CPU.ActiveCfg = Debug|Any CPU
		{5BA69E3D-FC44-49B6-AB40-8C770D58389F}.Debug|Any CPU.Build.0 = Debug|Any CPU
		{5BA69E3D-FC44-49B6-AB40-8C770D58389F}.Release|Any CPU.ActiveCfg = Release|Any CPU
		{5BA69E3D-FC44-49B6-AB40-8C770D58389F}.Release|Any CPU.Build.0 = Release|Any CPU
		{A12AA199-2E39-4FAC-AFE3-83A718AA5D40}.Debug|Any CPU.ActiveCfg = Debug|Any CPU
		{A12AA199-2E39-4FAC-AFE3-83A718AA5D40}.Debug|Any CPU.Build.0 = Debug|Any CPU
		{A12AA199-2E39-4FAC-AFE3-83A718AA5D40}.Release|Any CPU.ActiveCfg = Release|Any CPU
		{A12AA199-2E39-4FAC-AFE3-83A718AA5D40}.Release|Any CPU.Build.0 = Release|Any CPU
		{1BC38177-4B12-460F-BF33-0C50AC0905CC}.Debug|Any CPU.ActiveCfg = Debug|Any CPU
		{1BC38177-4B12-460F-BF33-0C50AC0905CC}.Debug|Any CPU.Build.0 = Debug|Any CPU
		{1BC38177-4B12-460F-BF33-0C50AC0905CC}.Release|Any CPU.ActiveCfg = Release|Any CPU
		{1BC38177-4B12-460F-BF33-0C50AC0905CC}.Release|Any CPU.Build.0 = Release|Any CPU
		{9DE3ACC3-4DF7-484B-A7C7-7D9B5EC3EFA7}.Debug|Any CPU.ActiveCfg = Debug|Any CPU
		{9DE3ACC3-4DF7-484B-A7C7-7D9B5EC3EFA7}.Debug|Any CPU.Build.0 = Debug|Any CPU
		{9DE3ACC3-4DF7-484B-A7C7-7D9B5EC3EFA7}.Release|Any CPU.ActiveCfg = Release|Any CPU
		{9DE3ACC3-4DF7-484B-A7C7-7D9B5EC3EFA7}.Release|Any CPU.Build.0 = Release|Any CPU
		{79DC765C-E470-4128-8B36-1318EF1A1C3D}.Debug|Any CPU.ActiveCfg = Debug|Any CPU
		{79DC765C-E470-4128-8B36-1318EF1A1C3D}.Debug|Any CPU.Build.0 = Debug|Any CPU
		{79DC765C-E470-4128-8B36-1318EF1A1C3D}.Release|Any CPU.ActiveCfg = Release|Any CPU
		{79DC765C-E470-4128-8B36-1318EF1A1C3D}.Release|Any CPU.Build.0 = Release|Any CPU
		{CAB8AEFB-457E-41D4-923B-65A0C9D20AF1}.Debug|Any CPU.ActiveCfg = Debug|Any CPU
		{CAB8AEFB-457E-41D4-923B-65A0C9D20AF1}.Debug|Any CPU.Build.0 = Debug|Any CPU
		{CAB8AEFB-457E-41D4-923B-65A0C9D20AF1}.Release|Any CPU.ActiveCfg = Release|Any CPU
		{CAB8AEFB-457E-41D4-923B-65A0C9D20AF1}.Release|Any CPU.Build.0 = Release|Any CPU
		{58214F44-0280-4F23-8F21-470B3E6F3D74}.Debug|Any CPU.ActiveCfg = Debug|Any CPU
		{58214F44-0280-4F23-8F21-470B3E6F3D74}.Debug|Any CPU.Build.0 = Debug|Any CPU
		{58214F44-0280-4F23-8F21-470B3E6F3D74}.Release|Any CPU.ActiveCfg = Release|Any CPU
		{58214F44-0280-4F23-8F21-470B3E6F3D74}.Release|Any CPU.Build.0 = Release|Any CPU
		{17AE3C21-34FF-4D05-BA40-B92ECD13DCB6}.Debug|Any CPU.ActiveCfg = Debug|Any CPU
		{17AE3C21-34FF-4D05-BA40-B92ECD13DCB6}.Debug|Any CPU.Build.0 = Debug|Any CPU
		{17AE3C21-34FF-4D05-BA40-B92ECD13DCB6}.Release|Any CPU.ActiveCfg = Release|Any CPU
		{17AE3C21-34FF-4D05-BA40-B92ECD13DCB6}.Release|Any CPU.Build.0 = Release|Any CPU
		{17E0F2C9-D431-4CB9-AC1F-BC34D9970903}.Debug|Any CPU.ActiveCfg = Debug|Any CPU
		{17E0F2C9-D431-4CB9-AC1F-BC34D9970903}.Debug|Any CPU.Build.0 = Debug|Any CPU
		{17E0F2C9-D431-4CB9-AC1F-BC34D9970903}.Release|Any CPU.ActiveCfg = Release|Any CPU
		{17E0F2C9-D431-4CB9-AC1F-BC34D9970903}.Release|Any CPU.Build.0 = Release|Any CPU
		{5FC4CE78-FD01-49A7-9E13-D5E8C01D1FC6}.Debug|Any CPU.ActiveCfg = Debug|Any CPU
		{5FC4CE78-FD01-49A7-9E13-D5E8C01D1FC6}.Debug|Any CPU.Build.0 = Debug|Any CPU
		{5FC4CE78-FD01-49A7-9E13-D5E8C01D1FC6}.Release|Any CPU.ActiveCfg = Release|Any CPU
		{5FC4CE78-FD01-49A7-9E13-D5E8C01D1FC6}.Release|Any CPU.Build.0 = Release|Any CPU
		{3B0A788A-8B48-4304-8650-18FFB6B35406}.Debug|Any CPU.ActiveCfg = Debug|Any CPU
		{3B0A788A-8B48-4304-8650-18FFB6B35406}.Debug|Any CPU.Build.0 = Debug|Any CPU
		{3B0A788A-8B48-4304-8650-18FFB6B35406}.Release|Any CPU.ActiveCfg = Release|Any CPU
		{3B0A788A-8B48-4304-8650-18FFB6B35406}.Release|Any CPU.Build.0 = Release|Any CPU
		{76755DA9-4529-4C81-A3F3-9A6FAF4EF5A5}.Debug|Any CPU.ActiveCfg = Debug|Any CPU
		{76755DA9-4529-4C81-A3F3-9A6FAF4EF5A5}.Debug|Any CPU.Build.0 = Debug|Any CPU
		{76755DA9-4529-4C81-A3F3-9A6FAF4EF5A5}.Release|Any CPU.ActiveCfg = Release|Any CPU
		{76755DA9-4529-4C81-A3F3-9A6FAF4EF5A5}.Release|Any CPU.Build.0 = Release|Any CPU
		{A8155829-79C5-4DED-871E-59A95E32C43C}.Debug|Any CPU.ActiveCfg = Debug|Any CPU
		{A8155829-79C5-4DED-871E-59A95E32C43C}.Debug|Any CPU.Build.0 = Debug|Any CPU
		{A8155829-79C5-4DED-871E-59A95E32C43C}.Release|Any CPU.ActiveCfg = Release|Any CPU
		{A8155829-79C5-4DED-871E-59A95E32C43C}.Release|Any CPU.Build.0 = Release|Any CPU
		{3B871216-758F-4FAD-80A2-A46F484ED60B}.Debug|Any CPU.ActiveCfg = Debug|Any CPU
		{3B871216-758F-4FAD-80A2-A46F484ED60B}.Debug|Any CPU.Build.0 = Debug|Any CPU
		{3B871216-758F-4FAD-80A2-A46F484ED60B}.Release|Any CPU.ActiveCfg = Release|Any CPU
		{3B871216-758F-4FAD-80A2-A46F484ED60B}.Release|Any CPU.Build.0 = Release|Any CPU
		{C5379B76-CF09-4091-AD32-378FEAA8CA0C}.Debug|Any CPU.ActiveCfg = Debug|Any CPU
		{C5379B76-CF09-4091-AD32-378FEAA8CA0C}.Debug|Any CPU.Build.0 = Debug|Any CPU
		{C5379B76-CF09-4091-AD32-378FEAA8CA0C}.Release|Any CPU.ActiveCfg = Release|Any CPU
		{C5379B76-CF09-4091-AD32-378FEAA8CA0C}.Release|Any CPU.Build.0 = Release|Any CPU
		{1A5D1AB2-14D0-4BE8-9FBD-1FEECFBD95FA}.Debug|Any CPU.ActiveCfg = Debug|Any CPU
		{1A5D1AB2-14D0-4BE8-9FBD-1FEECFBD95FA}.Debug|Any CPU.Build.0 = Debug|Any CPU
		{1A5D1AB2-14D0-4BE8-9FBD-1FEECFBD95FA}.Release|Any CPU.ActiveCfg = Release|Any CPU
		{1A5D1AB2-14D0-4BE8-9FBD-1FEECFBD95FA}.Release|Any CPU.Build.0 = Release|Any CPU
		{740E7437-10BE-4B27-B70B-59FAC17A8F1B}.Debug|Any CPU.ActiveCfg = Debug|Any CPU
		{740E7437-10BE-4B27-B70B-59FAC17A8F1B}.Debug|Any CPU.Build.0 = Debug|Any CPU
		{740E7437-10BE-4B27-B70B-59FAC17A8F1B}.Release|Any CPU.ActiveCfg = Release|Any CPU
		{740E7437-10BE-4B27-B70B-59FAC17A8F1B}.Release|Any CPU.Build.0 = Release|Any CPU
		{AE46DB33-A1EF-482B-B729-45F3F202BAD9}.Debug|Any CPU.ActiveCfg = Debug|Any CPU
		{AE46DB33-A1EF-482B-B729-45F3F202BAD9}.Debug|Any CPU.Build.0 = Debug|Any CPU
		{AE46DB33-A1EF-482B-B729-45F3F202BAD9}.Release|Any CPU.ActiveCfg = Release|Any CPU
		{AE46DB33-A1EF-482B-B729-45F3F202BAD9}.Release|Any CPU.Build.0 = Release|Any CPU
		{0FC85F52-8106-409C-B0EE-1347D435909C}.Debug|Any CPU.ActiveCfg = Debug|Any CPU
		{0FC85F52-8106-409C-B0EE-1347D435909C}.Debug|Any CPU.Build.0 = Debug|Any CPU
		{0FC85F52-8106-409C-B0EE-1347D435909C}.Release|Any CPU.ActiveCfg = Release|Any CPU
		{0FC85F52-8106-409C-B0EE-1347D435909C}.Release|Any CPU.Build.0 = Release|Any CPU
		{3A86BF6D-6EF3-405C-A1D6-53EF04165291}.Debug|Any CPU.ActiveCfg = Debug|Any CPU
		{3A86BF6D-6EF3-405C-A1D6-53EF04165291}.Debug|Any CPU.Build.0 = Debug|Any CPU
		{3A86BF6D-6EF3-405C-A1D6-53EF04165291}.Release|Any CPU.ActiveCfg = Release|Any CPU
		{3A86BF6D-6EF3-405C-A1D6-53EF04165291}.Release|Any CPU.Build.0 = Release|Any CPU
		{05EC9FB4-BAB2-46A2-A2C0-E9F872601C54}.Debug|Any CPU.ActiveCfg = Debug|Any CPU
		{05EC9FB4-BAB2-46A2-A2C0-E9F872601C54}.Debug|Any CPU.Build.0 = Debug|Any CPU
		{05EC9FB4-BAB2-46A2-A2C0-E9F872601C54}.Release|Any CPU.ActiveCfg = Release|Any CPU
		{05EC9FB4-BAB2-46A2-A2C0-E9F872601C54}.Release|Any CPU.Build.0 = Release|Any CPU
		{E2F5774A-2AAC-4B92-B7BE-C20B5BE30775}.Debug|Any CPU.ActiveCfg = Debug|Any CPU
		{E2F5774A-2AAC-4B92-B7BE-C20B5BE30775}.Debug|Any CPU.Build.0 = Debug|Any CPU
		{E2F5774A-2AAC-4B92-B7BE-C20B5BE30775}.Release|Any CPU.ActiveCfg = Release|Any CPU
		{E2F5774A-2AAC-4B92-B7BE-C20B5BE30775}.Release|Any CPU.Build.0 = Release|Any CPU
		{5E27E97E-73BC-4E0B-A989-59384543EE8F}.Debug|Any CPU.ActiveCfg = Debug|Any CPU
		{5E27E97E-73BC-4E0B-A989-59384543EE8F}.Debug|Any CPU.Build.0 = Debug|Any CPU
		{5E27E97E-73BC-4E0B-A989-59384543EE8F}.Release|Any CPU.ActiveCfg = Release|Any CPU
		{5E27E97E-73BC-4E0B-A989-59384543EE8F}.Release|Any CPU.Build.0 = Release|Any CPU
		{93CFED78-47E6-493F-8EE1-5ECC0A688F19}.Debug|Any CPU.ActiveCfg = Debug|Any CPU
		{93CFED78-47E6-493F-8EE1-5ECC0A688F19}.Debug|Any CPU.Build.0 = Debug|Any CPU
		{93CFED78-47E6-493F-8EE1-5ECC0A688F19}.Release|Any CPU.ActiveCfg = Release|Any CPU
		{93CFED78-47E6-493F-8EE1-5ECC0A688F19}.Release|Any CPU.Build.0 = Release|Any CPU
		{D9169171-EC40-49FC-81F4-5D6591B5C7FA}.Debug|Any CPU.ActiveCfg = Debug|Any CPU
		{D9169171-EC40-49FC-81F4-5D6591B5C7FA}.Debug|Any CPU.Build.0 = Debug|Any CPU
		{D9169171-EC40-49FC-81F4-5D6591B5C7FA}.Release|Any CPU.ActiveCfg = Release|Any CPU
		{D9169171-EC40-49FC-81F4-5D6591B5C7FA}.Release|Any CPU.Build.0 = Release|Any CPU
		{FE7B5E40-52FA-43B1-9001-749DF54D7BED}.Debug|Any CPU.ActiveCfg = Debug|Any CPU
		{FE7B5E40-52FA-43B1-9001-749DF54D7BED}.Debug|Any CPU.Build.0 = Debug|Any CPU
		{FE7B5E40-52FA-43B1-9001-749DF54D7BED}.Release|Any CPU.ActiveCfg = Release|Any CPU
		{FE7B5E40-52FA-43B1-9001-749DF54D7BED}.Release|Any CPU.Build.0 = Release|Any CPU
		{D849D299-B5A5-44E1-977A-5909594B5656}.Debug|Any CPU.ActiveCfg = Debug|Any CPU
		{D849D299-B5A5-44E1-977A-5909594B5656}.Debug|Any CPU.Build.0 = Debug|Any CPU
		{D849D299-B5A5-44E1-977A-5909594B5656}.Release|Any CPU.ActiveCfg = Release|Any CPU
		{D849D299-B5A5-44E1-977A-5909594B5656}.Release|Any CPU.Build.0 = Release|Any CPU
	EndGlobalSection
	GlobalSection(SolutionProperties) = preSolution
		HideSolutionNode = FALSE
	EndGlobalSection
	GlobalSection(ExtensibilityGlobals) = postSolution
		SolutionGuid = {80B7478A-9B65-4F73-A611-99E49576A347}
		RESX_PrefixTranslations = False
	EndGlobalSection
	GlobalSection(TeamFoundationVersionControl) = preSolution
		SccNumberOfProjects = 29
		SccEnterpriseProvider = {4CA58AB2-18FA-4F8D-95D4-32DDF27D184C}
		SccTeamFoundationServer = https://tfs.unhcrsyria.org/tfs/unhcr%20syria%20applications
		SccProjectUniqueName0 = DAS_DAL\\DAS_DAL.csproj
		SccProjectName0 = DAS_DAL
		SccLocalPath0 = DAS_DAL
		SccProjectUniqueName1 = EMT_DAL\\EMT_DAL.csproj
		SccProjectName1 = EMT_DAL
		SccLocalPath1 = EMT_DAL
		SccProjectUniqueName2 = IDC_DAL\\IDC_DAL.csproj
		SccProjectName2 = IDC_DAL
		SccLocalPath2 = IDC_DAL
		SccProjectUniqueName3 = IMS_DAL\\IMS_DAL.csproj
		SccProjectName3 = IMS_DAL
		SccLocalPath3 = IMS_DAL
		SccProjectUniqueName4 = ISS_DAL\\ISS_DAL.csproj
		SccProjectName4 = ISS_DAL
		SccLocalPath4 = ISS_DAL
		SccProjectUniqueName5 = MRS_DAL\\MRS_DAL.csproj
		SccProjectName5 = MRS_DAL
		SccLocalPath5 = MRS_DAL
		SccProjectUniqueName6 = ORG_DAL\\ORG_DAL.csproj
		SccProjectName6 = ORG_DAL
		SccLocalPath6 = ORG_DAL
		SccProjectUniqueName7 = OVS_DAL\\OVS_DAL.csproj
		SccProjectName7 = OVS_DAL
		SccLocalPath7 = OVS_DAL
		SccProjectUniqueName8 = PCR_DAL\\PCR_DAL.csproj
		SccProjectName8 = PCR_DAL
		SccLocalPath8 = PCR_DAL
		SccProjectUniqueName9 = Portal_BL\\Portal_BL.csproj
		SccProjectName9 = Portal_BL
		SccLocalPath9 = Portal_BL
		SccProjectUniqueName10 = PPA_DAL\\PPA_DAL.csproj
		SccProjectName10 = PPA_DAL
		SccLocalPath10 = PPA_DAL
		SccProjectUniqueName11 = REF_DAL\\REF_DAL.csproj
		SccProjectName11 = REF_DAL
		SccLocalPath11 = REF_DAL
		SccProjectUniqueName12 = RES_Repo\\RES_Repo.csproj
		SccProjectName12 = RES_Repo
		SccLocalPath12 = RES_Repo
		SccProjectUniqueName13 = RMS_DAL\\RMS_DAL.csproj
		SccProjectName13 = RMS_DAL
		SccLocalPath13 = RMS_DAL
		SccProjectUniqueName14 = SHM_DAL\\SHM_DAL.csproj
		SccProjectName14 = SHM_DAL
		SccLocalPath14 = SHM_DAL
		SccProjectUniqueName15 = SRS_DAL\\SRS_DAL.csproj
		SccProjectName15 = SRS_DAL
		SccLocalPath15 = SRS_DAL
		SccProjectUniqueName16 = TBS_DAL\\TBS_DAL.csproj
		SccProjectName16 = TBS_DAL
		SccLocalPath16 = TBS_DAL
		SccProjectUniqueName17 = TTT_DAL\\TTT_DAL.csproj
		SccProjectName17 = TTT_DAL
		SccLocalPath17 = TTT_DAL
		SccProjectUniqueName18 = WMS_DAL\\WMS_DAL.csproj
		SccProjectName18 = WMS_DAL
		SccLocalPath18 = WMS_DAL
		SccProjectUniqueName19 = FWS_DAL\\FWS_DAL.csproj
		SccProjectName19 = FWS_DAL
		SccLocalPath19 = FWS_DAL
		SccProjectUniqueName20 = COV_DAL\\COV_DAL.csproj
		SccProjectName20 = COV_DAL
		SccLocalPath20 = COV_DAL
		SccProjectUniqueName21 = OSA_DAL\\OSA_DAL.csproj
		SccProjectName21 = OSA_DAL
		SccLocalPath21 = OSA_DAL
		SccProjectUniqueName22 = GTP_DAL\\GTP_DAL.csproj
		SccProjectName22 = GTP_DAL
		SccLocalPath22 = GTP_DAL
		SccProjectUniqueName23 = PCA_DAL\\PCA_DAL.csproj
		SccProjectName23 = PCA_DAL
		SccLocalPath23 = PCA_DAL
		SccProjectUniqueName24 = PMD_DAL\\PMD_DAL.csproj
		SccProjectName24 = PMD_DAL
		SccLocalPath24 = PMD_DAL
		SccLocalPath25 = .
		SccProjectUniqueName26 = AHD_DAL\\AHD_DAL.csproj
		SccProjectName26 = AHD_DAL
		SccLocalPath26 = AHD_DAL
		SccProjectUniqueName27 = AMS_DAL\\AMS_DAL.csproj
		SccProjectName27 = AMS_DAL
		SccLocalPath27 = AMS_DAL
		SccProjectUniqueName28 = AppsPortal\\AppsPortal.csproj
		SccProjectName28 = AppsPortal
		SccLocalPath28 = AppsPortal
	EndGlobalSection
EndGlobal
